
Microsoft Visual Studio Solution File, Format Version 12.00
# Visual Studio Version 16
VisualStudioVersion = 16.0.30907.101
MinimumVisualStudioVersion = 10.0.40219.1
Project("{9A19103F-16F7-4668-BE54-9A1E7A4F7556}") = "1 - sum of three numbers (p)", "1 - sum of three numbers (p)\1 - sum of three numbers (p).csproj", "{2723F26E-41DB-405E-B98B-DEE2FA3F72F9}"
EndProject
Project("{FAE04EC0-301F-11D3-BF4B-00C04F79EFBC}") = "HW1 salestotal", "HW1 salestotal\HW1 salestotal.csproj", "{6116C8FD-8880-4C2F-A9B4-3C09D7B7C9C3}"
EndProject
Project("{FAE04EC0-301F-11D3-BF4B-00C04F79EFBC}") = "HW 1 StudentGrade", "HW 1 StudentGrade\HW 1 StudentGrade.csproj", "{9E4D1EA5-A458-492A-9899-94D23B0714B3}"
EndProject
Project("{FAE04EC0-301F-11D3-BF4B-00C04F79EFBC}") = "Cointoss (p)", "Cointoss (p)\Cointoss (p).csproj", "{8405345E-FBBE-41EA-9F10-CA2632FDF71F}"
EndProject
Project("{FAE04EC0-301F-11D3-BF4B-00C04F79EFBC}") = "guess a number participation", "guess a number participation\guess a number participation.csproj", "{F8D1D55E-0446-4EBF-8782-9BD028776943}"
EndProject
Project("{FAE04EC0-301F-11D3-BF4B-00C04F79EFBC}") = "HW3 time to burn calories", "HW3 time to burn calories\HW3 time to burn calories.csproj", "{75F51BC3-49E5-4CB9-84CD-23EA09794416}"
EndProject
Project("{FAE04EC0-301F-11D3-BF4B-00C04F79EFBC}") = "hw3 tutor(math problem)", "hw3 tutor(math problem)\hw3 tutor(math problem).csproj", "{5CD24DEC-759F-4631-B820-DBDD45CE38D5}"
EndProject
Global
	GlobalSection(SolutionConfigurationPlatforms) = preSolution
		Debug|Any CPU = Debug|Any CPU
		Release|Any CPU = Release|Any CPU
	EndGlobalSection
	GlobalSection(ProjectConfigurationPlatforms) = postSolution
		{2723F26E-41DB-405E-B98B-DEE2FA3F72F9}.Debug|Any CPU.ActiveCfg = Debug|Any CPU
		{2723F26E-41DB-405E-B98B-DEE2FA3F72F9}.Debug|Any CPU.Build.0 = Debug|Any CPU
		{2723F26E-41DB-405E-B98B-DEE2FA3F72F9}.Release|Any CPU.ActiveCfg = Release|Any CPU
		{2723F26E-41DB-405E-B98B-DEE2FA3F72F9}.Release|Any CPU.Build.0 = Release|Any CPU
		{6116C8FD-8880-4C2F-A9B4-3C09D7B7C9C3}.Debug|Any CPU.ActiveCfg = Debug|Any CPU
		{6116C8FD-8880-4C2F-A9B4-3C09D7B7C9C3}.Debug|Any CPU.Build.0 = Debug|Any CPU
		{6116C8FD-8880-4C2F-A9B4-3C09D7B7C9C3}.Release|Any CPU.ActiveCfg = Release|Any CPU
		{6116C8FD-8880-4C2F-A9B4-3C09D7B7C9C3}.Release|Any CPU.Build.0 = Release|Any CPU
		{9E4D1EA5-A458-492A-9899-94D23B0714B3}.Debug|Any CPU.ActiveCfg = Debug|Any CPU
		{9E4D1EA5-A458-492A-9899-94D23B0714B3}.Debug|Any CPU.Build.0 = Debug|Any CPU
		{9E4D1EA5-A458-492A-9899-94D23B0714B3}.Release|Any CPU.ActiveCfg = Release|Any CPU
		{9E4D1EA5-A458-492A-9899-94D23B0714B3}.Release|Any CPU.Build.0 = Release|Any CPU
		{8405345E-FBBE-41EA-9F10-CA2632FDF71F}.Debug|Any CPU.ActiveCfg = Debug|Any CPU
		{8405345E-FBBE-41EA-9F10-CA2632FDF71F}.Debug|Any CPU.Build.0 = Debug|Any CPU
		{8405345E-FBBE-41EA-9F10-CA2632FDF71F}.Release|Any CPU.ActiveCfg = Release|Any CPU
		{8405345E-FBBE-41EA-9F10-CA2632FDF71F}.Release|Any CPU.Build.0 = Release|Any CPU
		{F8D1D55E-0446-4EBF-8782-9BD028776943}.Debug|Any CPU.ActiveCfg = Debug|Any CPU
		{F8D1D55E-0446-4EBF-8782-9BD028776943}.Debug|Any CPU.Build.0 = Debug|Any CPU
		{F8D1D55E-0446-4EBF-8782-9BD028776943}.Release|Any CPU.ActiveCfg = Release|Any CPU
		{F8D1D55E-0446-4EBF-8782-9BD028776943}.Release|Any CPU.Build.0 = Release|Any CPU
		{75F51BC3-49E5-4CB9-84CD-23EA09794416}.Debug|Any CPU.ActiveCfg = Debug|Any CPU
		{75F51BC3-49E5-4CB9-84CD-23EA09794416}.Debug|Any CPU.Build.0 = Debug|Any CPU
		{75F51BC3-49E5-4CB9-84CD-23EA09794416}.Release|Any CPU.ActiveCfg = Release|Any CPU
		{75F51BC3-49E5-4CB9-84CD-23EA09794416}.Release|Any CPU.Build.0 = Release|Any CPU
		{5CD24DEC-759F-4631-B820-DBDD45CE38D5}.Debug|Any CPU.ActiveCfg = Debug|Any CPU
		{5CD24DEC-759F-4631-B820-DBDD45CE38D5}.Debug|Any CPU.Build.0 = Debug|Any CPU
		{5CD24DEC-759F-4631-B820-DBDD45CE38D5}.Release|Any CPU.ActiveCfg = Release|Any CPU
		{5CD24DEC-759F-4631-B820-DBDD45CE38D5}.Release|Any CPU.Build.0 = Release|Any CPU
	EndGlobalSection
	GlobalSection(SolutionProperties) = preSolution
		HideSolutionNode = FALSE
	EndGlobalSection
	GlobalSection(ExtensibilityGlobals) = postSolution
		SolutionGuid = {14BEBBCE-5251-4553-9C0A-03D93CC560BB}
	EndGlobalSection
EndGlobal
