
Microsoft Visual Studio Solution File, Format Version 12.00
# Visual Studio Version 16
VisualStudioVersion = 16.0.30907.101
MinimumVisualStudioVersion = 10.0.40219.1
Project("{9A19103F-16F7-4668-BE54-9A1E7A4F7556}") = "(P) Speak", "(P) Speak\(P) Speak.csproj", "{C8BD92DD-3519-4EE7-93B0-9AA69061C1F3}"
EndProject
Project("{9A19103F-16F7-4668-BE54-9A1E7A4F7556}") = "(P) Functions - Calculator", "(P) Functions - Calculator\(P) Functions - Calculator.csproj", "{B9057281-D732-49CB-BC83-7D8872AE5C80}"
EndProject
Project("{9A19103F-16F7-4668-BE54-9A1E7A4F7556}") = "CoffeeShop - HW6", "CoffeeShop - HW6\CoffeeShop - HW6.csproj", "{C347B66A-64CD-4D69-805E-30A1F4C9AC41}"
EndProject
Project("{9A19103F-16F7-4668-BE54-9A1E7A4F7556}") = "(P) Classes - Cereal", "(P) Classes - Cereal\(P) Classes - Cereal.csproj", "{D9537116-2C6F-40DA-83E8-6CB4DF29DBF0}"
EndProject
Project("{9A19103F-16F7-4668-BE54-9A1E7A4F7556}") = "HW8 ClassesExtended", "HW8 ClassesExtended\HW8 ClassesExtended.csproj", "{8216B97D-DF6F-4DC0-B4B2-75463949A1A8}"
EndProject
Project("{FAE04EC0-301F-11D3-BF4B-00C04F79EFBC}") = "TimeToBurn HW3", "TimeToBurn HW3\TimeToBurn HW3.csproj", "{728FE3DC-43C0-4C2D-A416-7F563C8C83D6}"
EndProject
Project("{FAE04EC0-301F-11D3-BF4B-00C04F79EFBC}") = "Tutor", "Tutor\Tutor.csproj", "{0399665A-397F-4C79-94FF-E68CB0EDC153}"
EndProject
Project("{FAE04EC0-301F-11D3-BF4B-00C04F79EFBC}") = "TuitionINcrease Hw3", "TuitionINcrease Hw3\TuitionINcrease Hw3.csproj", "{AD541F03-C5CD-42E2-A74C-561015CC0805}"
EndProject
Project("{FAE04EC0-301F-11D3-BF4B-00C04F79EFBC}") = "(P) Classes - ToyBox", "(P) Classes - ToyBox\(P) Classes - ToyBox.csproj", "{385301BB-083A-42DB-AB6C-415C11793CA0}"
EndProject
Global
	GlobalSection(SolutionConfigurationPlatforms) = preSolution
		Debug|Any CPU = Debug|Any CPU
		Release|Any CPU = Release|Any CPU
	EndGlobalSection
	GlobalSection(ProjectConfigurationPlatforms) = postSolution
		{C8BD92DD-3519-4EE7-93B0-9AA69061C1F3}.Debug|Any CPU.ActiveCfg = Debug|Any CPU
		{C8BD92DD-3519-4EE7-93B0-9AA69061C1F3}.Debug|Any CPU.Build.0 = Debug|Any CPU
		{C8BD92DD-3519-4EE7-93B0-9AA69061C1F3}.Release|Any CPU.ActiveCfg = Release|Any CPU
		{C8BD92DD-3519-4EE7-93B0-9AA69061C1F3}.Release|Any CPU.Build.0 = Release|Any CPU
		{B9057281-D732-49CB-BC83-7D8872AE5C80}.Debug|Any CPU.ActiveCfg = Debug|Any CPU
		{B9057281-D732-49CB-BC83-7D8872AE5C80}.Debug|Any CPU.Build.0 = Debug|Any CPU
		{B9057281-D732-49CB-BC83-7D8872AE5C80}.Release|Any CPU.ActiveCfg = Release|Any CPU
		{B9057281-D732-49CB-BC83-7D8872AE5C80}.Release|Any CPU.Build.0 = Release|Any CPU
		{C347B66A-64CD-4D69-805E-30A1F4C9AC41}.Debug|Any CPU.ActiveCfg = Debug|Any CPU
		{C347B66A-64CD-4D69-805E-30A1F4C9AC41}.Debug|Any CPU.Build.0 = Debug|Any CPU
		{C347B66A-64CD-4D69-805E-30A1F4C9AC41}.Release|Any CPU.ActiveCfg = Release|Any CPU
		{C347B66A-64CD-4D69-805E-30A1F4C9AC41}.Release|Any CPU.Build.0 = Release|Any CPU
		{D9537116-2C6F-40DA-83E8-6CB4DF29DBF0}.Debug|Any CPU.ActiveCfg = Debug|Any CPU
		{D9537116-2C6F-40DA-83E8-6CB4DF29DBF0}.Debug|Any CPU.Build.0 = Debug|Any CPU
		{D9537116-2C6F-40DA-83E8-6CB4DF29DBF0}.Release|Any CPU.ActiveCfg = Release|Any CPU
		{D9537116-2C6F-40DA-83E8-6CB4DF29DBF0}.Release|Any CPU.Build.0 = Release|Any CPU
		{8216B97D-DF6F-4DC0-B4B2-75463949A1A8}.Debug|Any CPU.ActiveCfg = Debug|Any CPU
		{8216B97D-DF6F-4DC0-B4B2-75463949A1A8}.Debug|Any CPU.Build.0 = Debug|Any CPU
		{8216B97D-DF6F-4DC0-B4B2-75463949A1A8}.Release|Any CPU.ActiveCfg = Release|Any CPU
		{8216B97D-DF6F-4DC0-B4B2-75463949A1A8}.Release|Any CPU.Build.0 = Release|Any CPU
		{728FE3DC-43C0-4C2D-A416-7F563C8C83D6}.Debug|Any CPU.ActiveCfg = Debug|Any CPU
		{728FE3DC-43C0-4C2D-A416-7F563C8C83D6}.Debug|Any CPU.Build.0 = Debug|Any CPU
		{728FE3DC-43C0-4C2D-A416-7F563C8C83D6}.Release|Any CPU.ActiveCfg = Release|Any CPU
		{728FE3DC-43C0-4C2D-A416-7F563C8C83D6}.Release|Any CPU.Build.0 = Release|Any CPU
		{0399665A-397F-4C79-94FF-E68CB0EDC153}.Debug|Any CPU.ActiveCfg = Debug|Any CPU
		{0399665A-397F-4C79-94FF-E68CB0EDC153}.Debug|Any CPU.Build.0 = Debug|Any CPU
		{0399665A-397F-4C79-94FF-E68CB0EDC153}.Release|Any CPU.ActiveCfg = Release|Any CPU
		{0399665A-397F-4C79-94FF-E68CB0EDC153}.Release|Any CPU.Build.0 = Release|Any CPU
		{AD541F03-C5CD-42E2-A74C-561015CC0805}.Debug|Any CPU.ActiveCfg = Debug|Any CPU
		{AD541F03-C5CD-42E2-A74C-561015CC0805}.Debug|Any CPU.Build.0 = Debug|Any CPU
		{AD541F03-C5CD-42E2-A74C-561015CC0805}.Release|Any CPU.ActiveCfg = Release|Any CPU
		{AD541F03-C5CD-42E2-A74C-561015CC0805}.Release|Any CPU.Build.0 = Release|Any CPU
		{385301BB-083A-42DB-AB6C-415C11793CA0}.Debug|Any CPU.ActiveCfg = Debug|Any CPU
		{385301BB-083A-42DB-AB6C-415C11793CA0}.Debug|Any CPU.Build.0 = Debug|Any CPU
		{385301BB-083A-42DB-AB6C-415C11793CA0}.Release|Any CPU.ActiveCfg = Release|Any CPU
		{385301BB-083A-42DB-AB6C-415C11793CA0}.Release|Any CPU.Build.0 = Release|Any CPU
	EndGlobalSection
	GlobalSection(SolutionProperties) = preSolution
		HideSolutionNode = FALSE
	EndGlobalSection
	GlobalSection(ExtensibilityGlobals) = postSolution
		SolutionGuid = {535040C5-9050-49F9-817E-219157CA07CB}
	EndGlobalSection
EndGlobal
