
Microsoft Visual Studio Solution File, Format Version 12.00
# Visual Studio Version 16
VisualStudioVersion = 16.0.30907.101
MinimumVisualStudioVersion = 10.0.40219.1
Project("{FAE04EC0-301F-11D3-BF4B-00C04F79EFBC}") = "FizzBuzz Example", "FizzBuzz Example\FizzBuzz Example.csproj", "{9FB5C0B8-177D-4765-B0FD-A0EF6CB7EC8B}"
EndProject
Global
	GlobalSection(SolutionConfigurationPlatforms) = preSolution
		Debug|Any CPU = Debug|Any CPU
		Release|Any CPU = Release|Any CPU
	EndGlobalSection
	GlobalSection(ProjectConfigurationPlatforms) = postSolution
		{9FB5C0B8-177D-4765-B0FD-A0EF6CB7EC8B}.Debug|Any CPU.ActiveCfg = Debug|Any CPU
		{9FB5C0B8-177D-4765-B0FD-A0EF6CB7EC8B}.Debug|Any CPU.Build.0 = Debug|Any CPU
		{9FB5C0B8-177D-4765-B0FD-A0EF6CB7EC8B}.Release|Any CPU.ActiveCfg = Release|Any CPU
		{9FB5C0B8-177D-4765-B0FD-A0EF6CB7EC8B}.Release|Any CPU.Build.0 = Release|Any CPU
	EndGlobalSection
	GlobalSection(SolutionProperties) = preSolution
		HideSolutionNode = FALSE
	EndGlobalSection
	GlobalSection(ExtensibilityGlobals) = postSolution
		SolutionGuid = {011544EE-8D06-4425-94BA-F99ED6F95DAF}
	EndGlobalSection
EndGlobal
