
Microsoft Visual Studio Solution File, Format Version 12.00
# Visual Studio Version 16
VisualStudioVersion = 16.0.30907.101
MinimumVisualStudioVersion = 10.0.40219.1
Project("{FAE04EC0-301F-11D3-BF4B-00C04F79EFBC}") = "Sum of 3 num - participation", "Sum of 3 num - participation\Sum of 3 num - participation.csproj", "{3439B7B5-5F52-4261-85B1-CC45BF837105}"
EndProject
Project("{FAE04EC0-301F-11D3-BF4B-00C04F79EFBC}") = "HW1 Sales Total", "HW1 Sales Total\HW1 Sales Total.csproj", "{B71D7E00-0D4C-4E91-A1FF-4E92DFC957E5}"
EndProject
Project("{FAE04EC0-301F-11D3-BF4B-00C04F79EFBC}") = "HW1 part2 - student grade", "HW1 part2 - student grade\HW1 part2 - student grade.csproj", "{E048D9DC-12B3-4796-86CC-69DCDD4C88C4}"
EndProject
Project("{FAE04EC0-301F-11D3-BF4B-00C04F79EFBC}") = "Coin toss - participation", "Coin toss - participation\Coin toss - participation.csproj", "{B2F09477-A0E0-48C7-8803-80A42139CBBD}"
EndProject
Project("{FAE04EC0-301F-11D3-BF4B-00C04F79EFBC}") = "guess a number - loops - participations", "guess a number - loops - participations\guess a number - loops - participations.csproj", "{3A53EBBE-4F6E-40B9-84AF-B95ED823F1FB}"
EndProject
Project("{FAE04EC0-301F-11D3-BF4B-00C04F79EFBC}") = "HW2 - GPA", "HW2 - GPA\HW2 - GPA.csproj", "{8DD0E06C-0C8D-40A1-AACC-B61045DB792F}"
EndProject
Global
	GlobalSection(SolutionConfigurationPlatforms) = preSolution
		Debug|Any CPU = Debug|Any CPU
		Release|Any CPU = Release|Any CPU
	EndGlobalSection
	GlobalSection(ProjectConfigurationPlatforms) = postSolution
		{3439B7B5-5F52-4261-85B1-CC45BF837105}.Debug|Any CPU.ActiveCfg = Debug|Any CPU
		{3439B7B5-5F52-4261-85B1-CC45BF837105}.Debug|Any CPU.Build.0 = Debug|Any CPU
		{3439B7B5-5F52-4261-85B1-CC45BF837105}.Release|Any CPU.ActiveCfg = Release|Any CPU
		{3439B7B5-5F52-4261-85B1-CC45BF837105}.Release|Any CPU.Build.0 = Release|Any CPU
		{B71D7E00-0D4C-4E91-A1FF-4E92DFC957E5}.Debug|Any CPU.ActiveCfg = Debug|Any CPU
		{B71D7E00-0D4C-4E91-A1FF-4E92DFC957E5}.Debug|Any CPU.Build.0 = Debug|Any CPU
		{B71D7E00-0D4C-4E91-A1FF-4E92DFC957E5}.Release|Any CPU.ActiveCfg = Release|Any CPU
		{B71D7E00-0D4C-4E91-A1FF-4E92DFC957E5}.Release|Any CPU.Build.0 = Release|Any CPU
		{E048D9DC-12B3-4796-86CC-69DCDD4C88C4}.Debug|Any CPU.ActiveCfg = Debug|Any CPU
		{E048D9DC-12B3-4796-86CC-69DCDD4C88C4}.Debug|Any CPU.Build.0 = Debug|Any CPU
		{E048D9DC-12B3-4796-86CC-69DCDD4C88C4}.Release|Any CPU.ActiveCfg = Release|Any CPU
		{E048D9DC-12B3-4796-86CC-69DCDD4C88C4}.Release|Any CPU.Build.0 = Release|Any CPU
		{B2F09477-A0E0-48C7-8803-80A42139CBBD}.Debug|Any CPU.ActiveCfg = Debug|Any CPU
		{B2F09477-A0E0-48C7-8803-80A42139CBBD}.Debug|Any CPU.Build.0 = Debug|Any CPU
		{B2F09477-A0E0-48C7-8803-80A42139CBBD}.Release|Any CPU.ActiveCfg = Release|Any CPU
		{B2F09477-A0E0-48C7-8803-80A42139CBBD}.Release|Any CPU.Build.0 = Release|Any CPU
		{3A53EBBE-4F6E-40B9-84AF-B95ED823F1FB}.Debug|Any CPU.ActiveCfg = Debug|Any CPU
		{3A53EBBE-4F6E-40B9-84AF-B95ED823F1FB}.Debug|Any CPU.Build.0 = Debug|Any CPU
		{3A53EBBE-4F6E-40B9-84AF-B95ED823F1FB}.Release|Any CPU.ActiveCfg = Release|Any CPU
		{3A53EBBE-4F6E-40B9-84AF-B95ED823F1FB}.Release|Any CPU.Build.0 = Release|Any CPU
		{8DD0E06C-0C8D-40A1-AACC-B61045DB792F}.Debug|Any CPU.ActiveCfg = Debug|Any CPU
		{8DD0E06C-0C8D-40A1-AACC-B61045DB792F}.Debug|Any CPU.Build.0 = Debug|Any CPU
		{8DD0E06C-0C8D-40A1-AACC-B61045DB792F}.Release|Any CPU.ActiveCfg = Release|Any CPU
		{8DD0E06C-0C8D-40A1-AACC-B61045DB792F}.Release|Any CPU.Build.0 = Release|Any CPU
	EndGlobalSection
	GlobalSection(SolutionProperties) = preSolution
		HideSolutionNode = FALSE
	EndGlobalSection
	GlobalSection(ExtensibilityGlobals) = postSolution
		SolutionGuid = {C1ACD414-CF38-43FB-8BC9-C9D5244BABC8}
	EndGlobalSection
EndGlobal
