
Microsoft Visual Studio Solution File, Format Version 12.00
# Visual Studio Version 16
VisualStudioVersion = 16.0.30907.101
MinimumVisualStudioVersion = 10.0.40219.1
Project("{FAE04EC0-301F-11D3-BF4B-00C04F79EFBC}") = "Read in google trend from notepad", "Read in google trend from notepad\Read in google trend from notepad.csproj", "{389B03A1-35B2-4AE2-8373-B45D3C038445}"
EndProject
Global
	GlobalSection(SolutionConfigurationPlatforms) = preSolution
		Debug|Any CPU = Debug|Any CPU
		Release|Any CPU = Release|Any CPU
	EndGlobalSection
	GlobalSection(ProjectConfigurationPlatforms) = postSolution
		{389B03A1-35B2-4AE2-8373-B45D3C038445}.Debug|Any CPU.ActiveCfg = Debug|Any CPU
		{389B03A1-35B2-4AE2-8373-B45D3C038445}.Debug|Any CPU.Build.0 = Debug|Any CPU
		{389B03A1-35B2-4AE2-8373-B45D3C038445}.Release|Any CPU.ActiveCfg = Release|Any CPU
		{389B03A1-35B2-4AE2-8373-B45D3C038445}.Release|Any CPU.Build.0 = Release|Any CPU
	EndGlobalSection
	GlobalSection(SolutionProperties) = preSolution
		HideSolutionNode = FALSE
	EndGlobalSection
	GlobalSection(ExtensibilityGlobals) = postSolution
		SolutionGuid = {470EEFC0-65A6-497B-A8F8-2A37CB9AB186}
	EndGlobalSection
EndGlobal
