
Microsoft Visual Studio Solution File, Format Version 12.00
# Visual Studio Version 16
VisualStudioVersion = 16.0.30907.101
MinimumVisualStudioVersion = 10.0.40219.1
Project("{FAE04EC0-301F-11D3-BF4B-00C04F79EFBC}") = "InClass 3-1 StringManipulation", "InClass 3-1 StringManipulation\InClass 3-1 StringManipulation.csproj", "{707CF608-1224-4166-8569-B5B344977FBF}"
EndProject
Global
	GlobalSection(SolutionConfigurationPlatforms) = preSolution
		Debug|Any CPU = Debug|Any CPU
		Release|Any CPU = Release|Any CPU
	EndGlobalSection
	GlobalSection(ProjectConfigurationPlatforms) = postSolution
		{707CF608-1224-4166-8569-B5B344977FBF}.Debug|Any CPU.ActiveCfg = Debug|Any CPU
		{707CF608-1224-4166-8569-B5B344977FBF}.Debug|Any CPU.Build.0 = Debug|Any CPU
		{707CF608-1224-4166-8569-B5B344977FBF}.Release|Any CPU.ActiveCfg = Release|Any CPU
		{707CF608-1224-4166-8569-B5B344977FBF}.Release|Any CPU.Build.0 = Release|Any CPU
	EndGlobalSection
	GlobalSection(SolutionProperties) = preSolution
		HideSolutionNode = FALSE
	EndGlobalSection
	GlobalSection(ExtensibilityGlobals) = postSolution
		SolutionGuid = {A0B7E06C-191D-49B2-8AC6-E03BBBB94F96}
	EndGlobalSection
EndGlobal
